
Microsoft Visual Studio Solution File, Format Version 12.00
# Visual Studio Version 16
VisualStudioVersion = 16.0.30225.117
MinimumVisualStudioVersion = 10.0.40219.1
Project("{FAE04EC0-301F-11D3-BF4B-00C04F79EFBC}") = "DigitalDesign", "DigitalDesign\DigitalDesign.csproj", "{ABFFB884-E24D-4FC5-8506-66591F8A68FF}"
EndProject
Global
	GlobalSection(SolutionConfigurationPlatforms) = preSolution
		Debug|Any CPU = Debug|Any CPU
		Release|Any CPU = Release|Any CPU
	EndGlobalSection
	GlobalSection(ProjectConfigurationPlatforms) = postSolution
		{ABFFB884-E24D-4FC5-8506-66591F8A68FF}.Debug|Any CPU.ActiveCfg = Debug|Any CPU
		{ABFFB884-E24D-4FC5-8506-66591F8A68FF}.Debug|Any CPU.Build.0 = Debug|Any CPU
		{ABFFB884-E24D-4FC5-8506-66591F8A68FF}.Release|Any CPU.ActiveCfg = Release|Any CPU
		{ABFFB884-E24D-4FC5-8506-66591F8A68FF}.Release|Any CPU.Build.0 = Release|Any CPU
	EndGlobalSection
	GlobalSection(SolutionProperties) = preSolution
		HideSolutionNode = FALSE
	EndGlobalSection
	GlobalSection(ExtensibilityGlobals) = postSolution
		SolutionGuid = {FF704AE7-C3AC-41AA-93CE-637D28B5B590}
	EndGlobalSection
EndGlobal
